
Microsoft Visual Studio Solution File, Format Version 12.00
# Visual Studio Version 16
VisualStudioVersion = 16.0.31019.35
MinimumVisualStudioVersion = 10.0.40219.1
Project("{FAE04EC0-301F-11D3-BF4B-00C04F79EFBC}") = "Multidimensional Arrays - Lab", "Multidimensional Arrays - Lab\Multidimensional Arrays - Lab.csproj", "{F6E0AEEE-AFA3-429D-A324-1CBB5F50DBCF}"
EndProject
Project("{FAE04EC0-301F-11D3-BF4B-00C04F79EFBC}") = "2. Sum Matrix Columns", "2. Sum Matrix Columns\2. Sum Matrix Columns.csproj", "{F57F34D6-E4C3-4C7D-9A4C-2AF2A804672F}"
EndProject
Project("{FAE04EC0-301F-11D3-BF4B-00C04F79EFBC}") = "3. Primary Diagonal", "3. Primary Diagonal\3. Primary Diagonal.csproj", "{60E32A1D-209A-4B1F-B764-7757B5ADCD5F}"
EndProject
Project("{FAE04EC0-301F-11D3-BF4B-00C04F79EFBC}") = "4. Symbol in Matrix", "4. Symbol in Matrix\4. Symbol in Matrix.csproj", "{15974D90-FB67-4E50-803C-00881AB64FBD}"
EndProject
Project("{FAE04EC0-301F-11D3-BF4B-00C04F79EFBC}") = "5. Square With Maximum", "5. Square With Maximum\5. Square With Maximum.csproj", "{3EA0A2C7-D2A6-475F-BFE1-00F15E8218EF}"
EndProject
Global
	GlobalSection(SolutionConfigurationPlatforms) = preSolution
		Debug|Any CPU = Debug|Any CPU
		Release|Any CPU = Release|Any CPU
	EndGlobalSection
	GlobalSection(ProjectConfigurationPlatforms) = postSolution
		{F6E0AEEE-AFA3-429D-A324-1CBB5F50DBCF}.Debug|Any CPU.ActiveCfg = Debug|Any CPU
		{F6E0AEEE-AFA3-429D-A324-1CBB5F50DBCF}.Debug|Any CPU.Build.0 = Debug|Any CPU
		{F6E0AEEE-AFA3-429D-A324-1CBB5F50DBCF}.Release|Any CPU.ActiveCfg = Release|Any CPU
		{F6E0AEEE-AFA3-429D-A324-1CBB5F50DBCF}.Release|Any CPU.Build.0 = Release|Any CPU
		{F57F34D6-E4C3-4C7D-9A4C-2AF2A804672F}.Debug|Any CPU.ActiveCfg = Debug|Any CPU
		{F57F34D6-E4C3-4C7D-9A4C-2AF2A804672F}.Debug|Any CPU.Build.0 = Debug|Any CPU
		{F57F34D6-E4C3-4C7D-9A4C-2AF2A804672F}.Release|Any CPU.ActiveCfg = Release|Any CPU
		{F57F34D6-E4C3-4C7D-9A4C-2AF2A804672F}.Release|Any CPU.Build.0 = Release|Any CPU
		{60E32A1D-209A-4B1F-B764-7757B5ADCD5F}.Debug|Any CPU.ActiveCfg = Debug|Any CPU
		{60E32A1D-209A-4B1F-B764-7757B5ADCD5F}.Debug|Any CPU.Build.0 = Debug|Any CPU
		{60E32A1D-209A-4B1F-B764-7757B5ADCD5F}.Release|Any CPU.ActiveCfg = Release|Any CPU
		{60E32A1D-209A-4B1F-B764-7757B5ADCD5F}.Release|Any CPU.Build.0 = Release|Any CPU
		{15974D90-FB67-4E50-803C-00881AB64FBD}.Debug|Any CPU.ActiveCfg = Debug|Any CPU
		{15974D90-FB67-4E50-803C-00881AB64FBD}.Debug|Any CPU.Build.0 = Debug|Any CPU
		{15974D90-FB67-4E50-803C-00881AB64FBD}.Release|Any CPU.ActiveCfg = Release|Any CPU
		{15974D90-FB67-4E50-803C-00881AB64FBD}.Release|Any CPU.Build.0 = Release|Any CPU
		{3EA0A2C7-D2A6-475F-BFE1-00F15E8218EF}.Debug|Any CPU.ActiveCfg = Debug|Any CPU
		{3EA0A2C7-D2A6-475F-BFE1-00F15E8218EF}.Debug|Any CPU.Build.0 = Debug|Any CPU
		{3EA0A2C7-D2A6-475F-BFE1-00F15E8218EF}.Release|Any CPU.ActiveCfg = Release|Any CPU
		{3EA0A2C7-D2A6-475F-BFE1-00F15E8218EF}.Release|Any CPU.Build.0 = Release|Any CPU
	EndGlobalSection
	GlobalSection(SolutionProperties) = preSolution
		HideSolutionNode = FALSE
	EndGlobalSection
	GlobalSection(ExtensibilityGlobals) = postSolution
		SolutionGuid = {9D66BB65-C6E4-4624-9AE8-1D62A291A69A}
	EndGlobalSection
EndGlobal
